
Microsoft Visual Studio Solution File, Format Version 12.00
# Visual Studio 15
Project("{FAE04EC0-301F-11D3-BF4B-00C04F79EFBC}") = "DifferenceOfSquares", "DifferenceOfSquares.csproj", "{CF4E190B-D334-49D4-B5A7-BFCA66B9CDFE}"
EndProject
Global
	GlobalSection(SolutionConfigurationPlatforms) = preSolution
		Debug|Any CPU = Debug|Any CPU
		Release|Any CPU = Release|Any CPU
	EndGlobalSection
	GlobalSection(ProjectConfigurationPlatforms) = postSolution
		{CF4E190B-D334-49D4-B5A7-BFCA66B9CDFE}.Debug|Any CPU.ActiveCfg = Debug|Any CPU
		{CF4E190B-D334-49D4-B5A7-BFCA66B9CDFE}.Debug|Any CPU.Build.0 = Debug|Any CPU
		{CF4E190B-D334-49D4-B5A7-BFCA66B9CDFE}.Release|Any CPU.ActiveCfg = Release|Any CPU
		{CF4E190B-D334-49D4-B5A7-BFCA66B9CDFE}.Release|Any CPU.Build.0 = Release|Any CPU
	EndGlobalSection
EndGlobal
