
Microsoft Visual Studio Solution File, Format Version 12.00
# Visual Studio 15
Project("{FAE04EC0-301F-11D3-BF4B-00C04F79EFBC}") = "Grains", "Grains.csproj", "{1DDCA0C4-6121-4DD1-989D-A5B75CF5549E}"
EndProject
Global
	GlobalSection(SolutionConfigurationPlatforms) = preSolution
		Debug|Any CPU = Debug|Any CPU
		Release|Any CPU = Release|Any CPU
	EndGlobalSection
	GlobalSection(ProjectConfigurationPlatforms) = postSolution
		{1DDCA0C4-6121-4DD1-989D-A5B75CF5549E}.Debug|Any CPU.ActiveCfg = Debug|Any CPU
		{1DDCA0C4-6121-4DD1-989D-A5B75CF5549E}.Debug|Any CPU.Build.0 = Debug|Any CPU
		{1DDCA0C4-6121-4DD1-989D-A5B75CF5549E}.Release|Any CPU.ActiveCfg = Release|Any CPU
		{1DDCA0C4-6121-4DD1-989D-A5B75CF5549E}.Release|Any CPU.Build.0 = Release|Any CPU
	EndGlobalSection
EndGlobal
