
Microsoft Visual Studio Solution File, Format Version 12.00
# Visual Studio 15
Project("{FAE04EC0-301F-11D3-BF4B-00C04F79EFBC}") = "Series", "Series.csproj", "{A395DB9C-65A6-45E8-B39B-B495D5F66542}"
EndProject
Global
	GlobalSection(SolutionConfigurationPlatforms) = preSolution
		Debug|Any CPU = Debug|Any CPU
		Release|Any CPU = Release|Any CPU
	EndGlobalSection
	GlobalSection(ProjectConfigurationPlatforms) = postSolution
		{A395DB9C-65A6-45E8-B39B-B495D5F66542}.Debug|Any CPU.ActiveCfg = Debug|Any CPU
		{A395DB9C-65A6-45E8-B39B-B495D5F66542}.Debug|Any CPU.Build.0 = Debug|Any CPU
		{A395DB9C-65A6-45E8-B39B-B495D5F66542}.Release|Any CPU.ActiveCfg = Release|Any CPU
		{A395DB9C-65A6-45E8-B39B-B495D5F66542}.Release|Any CPU.Build.0 = Release|Any CPU
	EndGlobalSection
EndGlobal
